
Microsoft Visual Studio Solution File, Format Version 12.00
# Visual Studio 15
VisualStudioVersion = 15.0.27703.2018
MinimumVisualStudioVersion = 10.0.40219.1
Project("{FAE04EC0-301F-11D3-BF4B-00C04F79EFBC}") = "SNMP-Manager", "SNMP-Manager\SNMP-Manager.csproj", "{0ADFEA07-8D50-4614-B4FB-BCD7D70B4544}"
EndProject
Global
	GlobalSection(SolutionConfigurationPlatforms) = preSolution
		Debug|Any CPU = Debug|Any CPU
		Release|Any CPU = Release|Any CPU
	EndGlobalSection
	GlobalSection(ProjectConfigurationPlatforms) = postSolution
		{0ADFEA07-8D50-4614-B4FB-BCD7D70B4544}.Debug|Any CPU.ActiveCfg = Debug|Any CPU
		{0ADFEA07-8D50-4614-B4FB-BCD7D70B4544}.Debug|Any CPU.Build.0 = Debug|Any CPU
		{0ADFEA07-8D50-4614-B4FB-BCD7D70B4544}.Release|Any CPU.ActiveCfg = Release|Any CPU
		{0ADFEA07-8D50-4614-B4FB-BCD7D70B4544}.Release|Any CPU.Build.0 = Release|Any CPU
	EndGlobalSection
	GlobalSection(SolutionProperties) = preSolution
		HideSolutionNode = FALSE
	EndGlobalSection
	GlobalSection(ExtensibilityGlobals) = postSolution
		SolutionGuid = {62DCC53C-06B4-4780-B1C5-0A82344F6AD9}
	EndGlobalSection
EndGlobal
